
Microsoft Visual Studio Solution File, Format Version 12.00
# Visual Studio Version 17
VisualStudioVersion = 17.14.36202.13
MinimumVisualStudioVersion = 10.0.40219.1
Project("{2150E333-8FDC-42A3-9474-1A3956D46DE8}") = "Task0", "Task0", "{02EA681E-C7D8-13C7-8484-4AC65E1B71E8}"
EndProject
Project("{FAE04EC0-301F-11D3-BF4B-00C04F79EFBC}") = "Tyuiu.PikalovYV.Sprint0.Task0.V0", "Tyuiu.PikalovYV.Sprint0.Task0.V0\Tyuiu.PikalovYV.Sprint0.Task0.V0.csproj", "{9CE17BFB-31C0-42BE-B014-C88147D73252}"
EndProject
Project("{FAE04EC0-301F-11D3-BF4B-00C04F79EFBC}") = "Tyuiu.PikalovYV.Sprint0.Task1.V0", "Tyuiu.PikalovYV.Sprint0.Task1.V0\Tyuiu.PikalovYV.Sprint0.Task1.V0.csproj", "{0272DA5F-2595-4A3E-9634-3A07375F41D2}"
EndProject
Project("{2150E333-8FDC-42A3-9474-1A3956D46DE8}") = "Task2", "Task2", "{08A1F832-8B5C-4331-B986-A141AE7D1334}"
EndProject
Project("{FAE04EC0-301F-11D3-BF4B-00C04F79EFBC}") = "Tyuiu.PikalovYV.Sprint0.Task2.V0.Lib", "Tyuiu.PikalovYV.Sprint0.Task2.V0.Lib\Tyuiu.PikalovYV.Sprint0.Task2.V0.Lib.csproj", "{B0E74934-AEA9-4AE9-ADC6-F6EA9A8A49BE}"
EndProject
Project("{FAE04EC0-301F-11D3-BF4B-00C04F79EFBC}") = "Tyuiu.PikalovYV.Sprint0.Task2.V0", "Tyuiu.PikalovYV.Sprint0.Task2.V0\Tyuiu.PikalovYV.Sprint0.Task2.V0.csproj", "{EDB9B951-F526-47D5-9FD6-29DDFB731AE4}"
EndProject
Project("{FAE04EC0-301F-11D3-BF4B-00C04F79EFBC}") = "Tyuiu.PikalovYV.Sprint0.Task2.V0.Test", "Tyuiu.PikalovYV.Sprint0.Task.V0.Test\Tyuiu.PikalovYV.Sprint0.Task2.V0.Test.csproj", "{C12E6210-DC83-4A46-A7FD-6952E3772FA4}"
EndProject
Project("{2150E333-8FDC-42A3-9474-1A3956D46DE8}") = "Task3", "Task3", "{870B12C7-8F6D-4892-A06D-95AB5F6F2556}"
EndProject
Project("{FAE04EC0-301F-11D3-BF4B-00C04F79EFBC}") = "Tyuiu.PikalovYV.Sprint0.Task3.V0", "Tyuiu.PikalovYV.Sprint0.Task3.V0\Tyuiu.PikalovYV.Sprint0.Task3.V0.csproj", "{99159D6F-A2BD-465D-B294-F88EA6F7080D}"
EndProject
Project("{FAE04EC0-301F-11D3-BF4B-00C04F79EFBC}") = "Tyuiu.PikalovYV.Sprint0.Task3.V0.Lib", "Tyuiu.PikalovYV.Sprint0.Task3.V0.Lib\Tyuiu.PikalovYV.Sprint0.Task3.V0.Lib.csproj", "{9EB417A3-1C29-45CB-B383-BA2640E3DFA5}"
EndProject
Project("{FAE04EC0-301F-11D3-BF4B-00C04F79EFBC}") = "Tyuiu.PikalovYV.Sprint0.Task3.V0.Test", "Tyuiu.PikalovYV.Sprint0.Task3.V0.Test\Tyuiu.PikalovYV.Sprint0.Task3.V0.Test.csproj", "{FF1E021F-A552-4A2A-AEA3-3B13C7F96E8E}"
EndProject
Global
	GlobalSection(SolutionConfigurationPlatforms) = preSolution
		Debug|Any CPU = Debug|Any CPU
		Debug|x64 = Debug|x64
		Debug|x86 = Debug|x86
		Release|Any CPU = Release|Any CPU
		Release|x64 = Release|x64
		Release|x86 = Release|x86
	EndGlobalSection
	GlobalSection(ProjectConfigurationPlatforms) = postSolution
		{9CE17BFB-31C0-42BE-B014-C88147D73252}.Debug|Any CPU.ActiveCfg = Debug|Any CPU
		{9CE17BFB-31C0-42BE-B014-C88147D73252}.Debug|Any CPU.Build.0 = Debug|Any CPU
		{9CE17BFB-31C0-42BE-B014-C88147D73252}.Debug|x64.ActiveCfg = Debug|Any CPU
		{9CE17BFB-31C0-42BE-B014-C88147D73252}.Debug|x64.Build.0 = Debug|Any CPU
		{9CE17BFB-31C0-42BE-B014-C88147D73252}.Debug|x86.ActiveCfg = Debug|Any CPU
		{9CE17BFB-31C0-42BE-B014-C88147D73252}.Debug|x86.Build.0 = Debug|Any CPU
		{9CE17BFB-31C0-42BE-B014-C88147D73252}.Release|Any CPU.ActiveCfg = Release|Any CPU
		{9CE17BFB-31C0-42BE-B014-C88147D73252}.Release|Any CPU.Build.0 = Release|Any CPU
		{9CE17BFB-31C0-42BE-B014-C88147D73252}.Release|x64.ActiveCfg = Release|Any CPU
		{9CE17BFB-31C0-42BE-B014-C88147D73252}.Release|x64.Build.0 = Release|Any CPU
		{9CE17BFB-31C0-42BE-B014-C88147D73252}.Release|x86.ActiveCfg = Release|Any CPU
		{9CE17BFB-31C0-42BE-B014-C88147D73252}.Release|x86.Build.0 = Release|Any CPU
		{0272DA5F-2595-4A3E-9634-3A07375F41D2}.Debug|Any CPU.ActiveCfg = Debug|Any CPU
		{0272DA5F-2595-4A3E-9634-3A07375F41D2}.Debug|Any CPU.Build.0 = Debug|Any CPU
		{0272DA5F-2595-4A3E-9634-3A07375F41D2}.Debug|x64.ActiveCfg = Debug|Any CPU
		{0272DA5F-2595-4A3E-9634-3A07375F41D2}.Debug|x64.Build.0 = Debug|Any CPU
		{0272DA5F-2595-4A3E-9634-3A07375F41D2}.Debug|x86.ActiveCfg = Debug|Any CPU
		{0272DA5F-2595-4A3E-9634-3A07375F41D2}.Debug|x86.Build.0 = Debug|Any CPU
		{0272DA5F-2595-4A3E-9634-3A07375F41D2}.Release|Any CPU.ActiveCfg = Release|Any CPU
		{0272DA5F-2595-4A3E-9634-3A07375F41D2}.Release|Any CPU.Build.0 = Release|Any CPU
		{0272DA5F-2595-4A3E-9634-3A07375F41D2}.Release|x64.ActiveCfg = Release|Any CPU
		{0272DA5F-2595-4A3E-9634-3A07375F41D2}.Release|x64.Build.0 = Release|Any CPU
		{0272DA5F-2595-4A3E-9634-3A07375F41D2}.Release|x86.ActiveCfg = Release|Any CPU
		{0272DA5F-2595-4A3E-9634-3A07375F41D2}.Release|x86.Build.0 = Release|Any CPU
		{B0E74934-AEA9-4AE9-ADC6-F6EA9A8A49BE}.Debug|Any CPU.ActiveCfg = Debug|Any CPU
		{B0E74934-AEA9-4AE9-ADC6-F6EA9A8A49BE}.Debug|Any CPU.Build.0 = Debug|Any CPU
		{B0E74934-AEA9-4AE9-ADC6-F6EA9A8A49BE}.Debug|x64.ActiveCfg = Debug|Any CPU
		{B0E74934-AEA9-4AE9-ADC6-F6EA9A8A49BE}.Debug|x64.Build.0 = Debug|Any CPU
		{B0E74934-AEA9-4AE9-ADC6-F6EA9A8A49BE}.Debug|x86.ActiveCfg = Debug|Any CPU
		{B0E74934-AEA9-4AE9-ADC6-F6EA9A8A49BE}.Debug|x86.Build.0 = Debug|Any CPU
		{B0E74934-AEA9-4AE9-ADC6-F6EA9A8A49BE}.Release|Any CPU.ActiveCfg = Release|Any CPU
		{B0E74934-AEA9-4AE9-ADC6-F6EA9A8A49BE}.Release|Any CPU.Build.0 = Release|Any CPU
		{B0E74934-AEA9-4AE9-ADC6-F6EA9A8A49BE}.Release|x64.ActiveCfg = Release|Any CPU
		{B0E74934-AEA9-4AE9-ADC6-F6EA9A8A49BE}.Release|x64.Build.0 = Release|Any CPU
		{B0E74934-AEA9-4AE9-ADC6-F6EA9A8A49BE}.Release|x86.ActiveCfg = Release|Any CPU
		{B0E74934-AEA9-4AE9-ADC6-F6EA9A8A49BE}.Release|x86.Build.0 = Release|Any CPU
		{EDB9B951-F526-47D5-9FD6-29DDFB731AE4}.Debug|Any CPU.ActiveCfg = Debug|Any CPU
		{EDB9B951-F526-47D5-9FD6-29DDFB731AE4}.Debug|Any CPU.Build.0 = Debug|Any CPU
		{EDB9B951-F526-47D5-9FD6-29DDFB731AE4}.Debug|x64.ActiveCfg = Debug|Any CPU
		{EDB9B951-F526-47D5-9FD6-29DDFB731AE4}.Debug|x64.Build.0 = Debug|Any CPU
		{EDB9B951-F526-47D5-9FD6-29DDFB731AE4}.Debug|x86.ActiveCfg = Debug|Any CPU
		{EDB9B951-F526-47D5-9FD6-29DDFB731AE4}.Debug|x86.Build.0 = Debug|Any CPU
		{EDB9B951-F526-47D5-9FD6-29DDFB731AE4}.Release|Any CPU.ActiveCfg = Release|Any CPU
		{EDB9B951-F526-47D5-9FD6-29DDFB731AE4}.Release|Any CPU.Build.0 = Release|Any CPU
		{EDB9B951-F526-47D5-9FD6-29DDFB731AE4}.Release|x64.ActiveCfg = Release|Any CPU
		{EDB9B951-F526-47D5-9FD6-29DDFB731AE4}.Release|x64.Build.0 = Release|Any CPU
		{EDB9B951-F526-47D5-9FD6-29DDFB731AE4}.Release|x86.ActiveCfg = Release|Any CPU
		{EDB9B951-F526-47D5-9FD6-29DDFB731AE4}.Release|x86.Build.0 = Release|Any CPU
		{C12E6210-DC83-4A46-A7FD-6952E3772FA4}.Debug|Any CPU.ActiveCfg = Debug|Any CPU
		{C12E6210-DC83-4A46-A7FD-6952E3772FA4}.Debug|Any CPU.Build.0 = Debug|Any CPU
		{C12E6210-DC83-4A46-A7FD-6952E3772FA4}.Debug|x64.ActiveCfg = Debug|Any CPU
		{C12E6210-DC83-4A46-A7FD-6952E3772FA4}.Debug|x64.Build.0 = Debug|Any CPU
		{C12E6210-DC83-4A46-A7FD-6952E3772FA4}.Debug|x86.ActiveCfg = Debug|Any CPU
		{C12E6210-DC83-4A46-A7FD-6952E3772FA4}.Debug|x86.Build.0 = Debug|Any CPU
		{C12E6210-DC83-4A46-A7FD-6952E3772FA4}.Release|Any CPU.ActiveCfg = Release|Any CPU
		{C12E6210-DC83-4A46-A7FD-6952E3772FA4}.Release|Any CPU.Build.0 = Release|Any CPU
		{C12E6210-DC83-4A46-A7FD-6952E3772FA4}.Release|x64.ActiveCfg = Release|Any CPU
		{C12E6210-DC83-4A46-A7FD-6952E3772FA4}.Release|x64.Build.0 = Release|Any CPU
		{C12E6210-DC83-4A46-A7FD-6952E3772FA4}.Release|x86.ActiveCfg = Release|Any CPU
		{C12E6210-DC83-4A46-A7FD-6952E3772FA4}.Release|x86.Build.0 = Release|Any CPU
		{99159D6F-A2BD-465D-B294-F88EA6F7080D}.Debug|Any CPU.ActiveCfg = Debug|Any CPU
		{99159D6F-A2BD-465D-B294-F88EA6F7080D}.Debug|Any CPU.Build.0 = Debug|Any CPU
		{99159D6F-A2BD-465D-B294-F88EA6F7080D}.Debug|x64.ActiveCfg = Debug|Any CPU
		{99159D6F-A2BD-465D-B294-F88EA6F7080D}.Debug|x64.Build.0 = Debug|Any CPU
		{99159D6F-A2BD-465D-B294-F88EA6F7080D}.Debug|x86.ActiveCfg = Debug|Any CPU
		{99159D6F-A2BD-465D-B294-F88EA6F7080D}.Debug|x86.Build.0 = Debug|Any CPU
		{99159D6F-A2BD-465D-B294-F88EA6F7080D}.Release|Any CPU.ActiveCfg = Release|Any CPU
		{99159D6F-A2BD-465D-B294-F88EA6F7080D}.Release|Any CPU.Build.0 = Release|Any CPU
		{99159D6F-A2BD-465D-B294-F88EA6F7080D}.Release|x64.ActiveCfg = Release|Any CPU
		{99159D6F-A2BD-465D-B294-F88EA6F7080D}.Release|x64.Build.0 = Release|Any CPU
		{99159D6F-A2BD-465D-B294-F88EA6F7080D}.Release|x86.ActiveCfg = Release|Any CPU
		{99159D6F-A2BD-465D-B294-F88EA6F7080D}.Release|x86.Build.0 = Release|Any CPU
		{9EB417A3-1C29-45CB-B383-BA2640E3DFA5}.Debug|Any CPU.ActiveCfg = Debug|Any CPU
		{9EB417A3-1C29-45CB-B383-BA2640E3DFA5}.Debug|Any CPU.Build.0 = Debug|Any CPU
		{9EB417A3-1C29-45CB-B383-BA2640E3DFA5}.Debug|x64.ActiveCfg = Debug|Any CPU
		{9EB417A3-1C29-45CB-B383-BA2640E3DFA5}.Debug|x64.Build.0 = Debug|Any CPU
		{9EB417A3-1C29-45CB-B383-BA2640E3DFA5}.Debug|x86.ActiveCfg = Debug|Any CPU
		{9EB417A3-1C29-45CB-B383-BA2640E3DFA5}.Debug|x86.Build.0 = Debug|Any CPU
		{9EB417A3-1C29-45CB-B383-BA2640E3DFA5}.Release|Any CPU.ActiveCfg = Release|Any CPU
		{9EB417A3-1C29-45CB-B383-BA2640E3DFA5}.Release|Any CPU.Build.0 = Release|Any CPU
		{9EB417A3-1C29-45CB-B383-BA2640E3DFA5}.Release|x64.ActiveCfg = Release|Any CPU
		{9EB417A3-1C29-45CB-B383-BA2640E3DFA5}.Release|x64.Build.0 = Release|Any CPU
		{9EB417A3-1C29-45CB-B383-BA2640E3DFA5}.Release|x86.ActiveCfg = Release|Any CPU
		{9EB417A3-1C29-45CB-B383-BA2640E3DFA5}.Release|x86.Build.0 = Release|Any CPU
		{FF1E021F-A552-4A2A-AEA3-3B13C7F96E8E}.Debug|Any CPU.ActiveCfg = Debug|Any CPU
		{FF1E021F-A552-4A2A-AEA3-3B13C7F96E8E}.Debug|Any CPU.Build.0 = Debug|Any CPU
		{FF1E021F-A552-4A2A-AEA3-3B13C7F96E8E}.Debug|x64.ActiveCfg = Debug|Any CPU
		{FF1E021F-A552-4A2A-AEA3-3B13C7F96E8E}.Debug|x64.Build.0 = Debug|Any CPU
		{FF1E021F-A552-4A2A-AEA3-3B13C7F96E8E}.Debug|x86.ActiveCfg = Debug|Any CPU
		{FF1E021F-A552-4A2A-AEA3-3B13C7F96E8E}.Debug|x86.Build.0 = Debug|Any CPU
		{FF1E021F-A552-4A2A-AEA3-3B13C7F96E8E}.Release|Any CPU.ActiveCfg = Release|Any CPU
		{FF1E021F-A552-4A2A-AEA3-3B13C7F96E8E}.Release|Any CPU.Build.0 = Release|Any CPU
		{FF1E021F-A552-4A2A-AEA3-3B13C7F96E8E}.Release|x64.ActiveCfg = Release|Any CPU
		{FF1E021F-A552-4A2A-AEA3-3B13C7F96E8E}.Release|x64.Build.0 = Release|Any CPU
		{FF1E021F-A552-4A2A-AEA3-3B13C7F96E8E}.Release|x86.ActiveCfg = Release|Any CPU
		{FF1E021F-A552-4A2A-AEA3-3B13C7F96E8E}.Release|x86.Build.0 = Release|Any CPU
	EndGlobalSection
	GlobalSection(SolutionProperties) = preSolution
		HideSolutionNode = FALSE
	EndGlobalSection
	GlobalSection(NestedProjects) = preSolution
		{9CE17BFB-31C0-42BE-B014-C88147D73252} = {02EA681E-C7D8-13C7-8484-4AC65E1B71E8}
		{B0E74934-AEA9-4AE9-ADC6-F6EA9A8A49BE} = {08A1F832-8B5C-4331-B986-A141AE7D1334}
		{EDB9B951-F526-47D5-9FD6-29DDFB731AE4} = {08A1F832-8B5C-4331-B986-A141AE7D1334}
		{C12E6210-DC83-4A46-A7FD-6952E3772FA4} = {08A1F832-8B5C-4331-B986-A141AE7D1334}
		{99159D6F-A2BD-465D-B294-F88EA6F7080D} = {870B12C7-8F6D-4892-A06D-95AB5F6F2556}
		{9EB417A3-1C29-45CB-B383-BA2640E3DFA5} = {870B12C7-8F6D-4892-A06D-95AB5F6F2556}
		{FF1E021F-A552-4A2A-AEA3-3B13C7F96E8E} = {870B12C7-8F6D-4892-A06D-95AB5F6F2556}
	EndGlobalSection
	GlobalSection(ExtensibilityGlobals) = postSolution
		SolutionGuid = {6C1C788C-43EB-4266-B6D8-EB9A30D9621B}
	EndGlobalSection
EndGlobal
